{
  "name": "@dbme/ts-types",
  "version": "0.0.1",
  "lockfileVersion": 2,
  "requires": true,
  "packages": {
    "": {
      "name": "@dbme/ts-types",
      "version": "0.0.1",
      "license": "UNLICENSED",
      "dependencies": {
        "@sapui5/ts-types-esm": "^1.93.1"
      }
    },
    "node_modules/@sapui5/ts-types-esm": {
      "version": "1.93.1",
      "resolved": "https://registry.npmjs.org/@sapui5/ts-types-esm/-/ts-types-esm-1.93.1.tgz",
      "integrity": "sha512-A4jBivp9SfS5AvrWbWD9Wir+asStHZndwY8o1DOh1qcT7YjztWJTk23X+9euETrLbJ++A5PkGKLn7O45WaFExg=="
    }
  },
  "dependencies": {
    "@sapui5/ts-types-esm": {
      "version": "1.93.1",
      "resolved": "https://registry.npmjs.org/@sapui5/ts-types-esm/-/ts-types-esm-1.93.1.tgz",
      "integrity": "sha512-A4jBivp9SfS5AvrWbWD9Wir+asStHZndwY8o1DOh1qcT7YjztWJTk23X+9euETrLbJ++A5PkGKLn7O45WaFExg=="
    }
  }
}
