{
	"name": "@dbme/ts-types",
	"version": "1.0.0",
	"lockfileVersion": 2,
	"requires": true,
	"packages": {
		"": {
			"name": "@dbme/ts-types",
			"version": "1.0.0",
			"license": "UNLICENSED",
			"devDependencies": {
				"@sapui5/ts-types-esm": "^1.96.7"
			}
		},
		"node_modules/@sapui5/ts-types-esm": {
			"version": "1.99.0",
			"resolved": "https://registry.npmjs.org/@sapui5/ts-types-esm/-/ts-types-esm-1.99.0.tgz",
			"integrity": "sha512-skMndptT/GOB6sU7gODvg2QPYnfY92e18zHfA57boEcMiT4nyhgNf2ENtuSt7e7ogH9cjBfYm6uBtMW0vW74dQ==",
			"dev": true
		}
	},
	"dependencies": {
		"@sapui5/ts-types-esm": {
			"version": "1.99.0",
			"resolved": "https://registry.npmjs.org/@sapui5/ts-types-esm/-/ts-types-esm-1.99.0.tgz",
			"integrity": "sha512-skMndptT/GOB6sU7gODvg2QPYnfY92e18zHfA57boEcMiT4nyhgNf2ENtuSt7e7ogH9cjBfYm6uBtMW0vW74dQ==",
			"dev": true
		}
	}
}
