{
	"name": "@dbme/ts-types",
	"version": "1.0.1",
	"lockfileVersion": 2,
	"requires": true,
	"packages": {
		"": {
			"name": "@dbme/ts-types",
			"version": "1.0.1",
			"license": "SEE LICENSE IN LICENSE.txt",
			"devDependencies": {
				"@sapui5/ts-types-esm": "1.96.7"
			}
		},
		"node_modules/@sapui5/ts-types-esm": {
			"version": "1.96.7",
			"resolved": "https://registry.npmjs.org/@sapui5/ts-types-esm/-/ts-types-esm-1.96.7.tgz",
			"integrity": "sha512-XMPP1owzcNYAMYQK5PJfGapAudldrKEuMv/nIBToK6fwNaI2Aw3GQyAnsiox3milvDpP/WbsCBX+WU/WCWv84Q==",
			"dev": true
		}
	},
	"dependencies": {
		"@sapui5/ts-types-esm": {
			"version": "1.96.7",
			"resolved": "https://registry.npmjs.org/@sapui5/ts-types-esm/-/ts-types-esm-1.96.7.tgz",
			"integrity": "sha512-XMPP1owzcNYAMYQK5PJfGapAudldrKEuMv/nIBToK6fwNaI2Aw3GQyAnsiox3milvDpP/WbsCBX+WU/WCWv84Q==",
			"dev": true
		}
	}
}
